Microsoft Visual Studio Solution File, Format Version 12.00
# Visual Studio Version 17
VisualStudioVersion = 17.5.2.0
MinimumVisualStudioVersion = 10.0.40219.1
Project("{FAE04EC0-301F-11D3-BF4B-00C04F79EFBC}") = "23.04.2026", "23.04.2026.csproj", "{42E40DDC-0083-AF92-7D79-B61738D11108}"
EndProject
Global
	GlobalSection(SolutionConfigurationPlatforms) = preSolution
		Debug|Any CPU = Debug|Any CPU
		Release|Any CPU = Release|Any CPU
	EndGlobalSection
	GlobalSection(ProjectConfigurationPlatforms) = postSolution
		{42E40DDC-0083-AF92-7D79-B61738D11108}.Debug|Any CPU.ActiveCfg = Debug|Any CPU
		{42E40DDC-0083-AF92-7D79-B61738D11108}.Debug|Any CPU.Build.0 = Debug|Any CPU
		{42E40DDC-0083-AF92-7D79-B61738D11108}.Release|Any CPU.ActiveCfg = Release|Any CPU
		{42E40DDC-0083-AF92-7D79-B61738D11108}.Release|Any CPU.Build.0 = Release|Any CPU
	EndGlobalSection
	GlobalSection(SolutionProperties) = preSolution
		HideSolutionNode = FALSE
	EndGlobalSection
	GlobalSection(ExtensibilityGlobals) = postSolution
		SolutionGuid = {DCBA799D-03F8-486E-BDDB-A995033881DB}
	EndGlobalSection
EndGlobal
